lockfileVersion: '6.0'

dependencies:
  commander:
    specifier: ^11.0.0
    version: registry.npmjs.org/commander@11.0.0
  cross-fetch:
    specifier: ^4.0.0
    version: registry.npmjs.org/cross-fetch@4.0.0
  gitea-js:
    specifier: ^1.19.1
    version: registry.npmjs.org/gitea-js@1.19.1

devDependencies:
  '@types/node':
    specifier: ^20.4.2
    version: registry.npmjs.org/@types/node@20.4.2

packages:

  registry.npmjs.org/@types/node@20.4.2:
    resolution: {integrity: sha512-Dd0BYtWgnWJKwO1jkmTrzofjK2QXXcai0dmtzvIBhcA+RsG5h8R3xlyta0kGOZRNfL9GuRtb1knmPEhQrePCEw==, registry: https://registry.yarnpkg.com/, tarball: https://registry.npmjs.org/@types/node/-/node-20.4.2.tgz}
    name: '@types/node'
    version: 20.4.2
    dev: true

  registry.npmjs.org/commander@11.0.0:
    resolution: {integrity: sha512-9HMlXtt/BNoYr8ooyjjNRdIilOTkVJXB+GhxMTtOKwk0R4j4lS4NpjuqmRxroBfnfTSHQIHQB7wryHhXarNjmQ==, registry: https://registry.yarnpkg.com/, tarball: https://registry.npmjs.org/commander/-/commander-11.0.0.tgz}
    name: commander
    version: 11.0.0
    engines: {node: '>=16'}
    dev: false

  registry.npmjs.org/cross-fetch@4.0.0:
    resolution: {integrity: sha512-e4a5N8lVvuLgAWgnCrLr2PP0YyDOTHa9H/Rj54dirp61qXnNq46m82bRhNqIA5VccJtWBvPTFRV3TtvHUKPB1g==, registry: https://registry.yarnpkg.com/, tarball: https://registry.npmjs.org/cross-fetch/-/cross-fetch-4.0.0.tgz}
    name: cross-fetch
    version: 4.0.0
    dependencies:
      node-fetch: registry.npmjs.org/node-fetch@2.6.12
    transitivePeerDependencies:
      - encoding
    dev: false

  registry.npmjs.org/gitea-js@1.19.1:
    resolution: {integrity: sha512-+aU/j31u2NNQDqpEHIFp5fdDWk+mc+L7z6fXyB9vlVOzdKYR32MosYIuPicVFiq8wyGOjZ46QhXsjjVFjJrj0w==, registry: https://registry.yarnpkg.com/, tarball: https://registry.npmjs.org/gitea-js/-/gitea-js-1.19.1.tgz}
    name: gitea-js
    version: 1.19.1
    dev: false

  registry.npmjs.org/node-fetch@2.6.12:
    resolution: {integrity: sha512-C/fGU2E8ToujUivIO0H+tpQ6HWo4eEmchoPIoXtxCrVghxdKq+QOHqEZW7tuP3KlV3bC8FRMO5nMCC7Zm1VP6g==, registry: https://registry.yarnpkg.com/, tarball: https://registry.npmjs.org/node-fetch/-/node-fetch-2.6.12.tgz}
    name: node-fetch
    version: 2.6.12
    engines: {node: 4.x || >=6.0.0}
    peerDependencies:
      encoding: ^0.1.0
    peerDependenciesMeta:
      encoding:
        optional: true
    dependencies:
      whatwg-url: registry.npmjs.org/whatwg-url@5.0.0
    dev: false

  registry.npmjs.org/tr46@0.0.3:
    resolution: {integrity: sha512-N3WMsuqV66lT30CrXNbEjx4GEwlow3v6rr4mCcv6prnfwhS01rkgyFdjPNBYd9br7LpXV1+Emh01fHnq2Gdgrw==, registry: https://registry.yarnpkg.com/, tarball: https://registry.npmjs.org/tr46/-/tr46-0.0.3.tgz}
    name: tr46
    version: 0.0.3
    dev: false

  registry.npmjs.org/webidl-conversions@3.0.1:
    resolution: {integrity: sha512-2JAn3z8AR6rjK8Sm8orRC0h/bcl/DqL7tRPdGZ4I1CjdF+EaMLmYxBHyXuKL849eucPFhvBoxMsflfOb8kxaeQ==, registry: https://registry.yarnpkg.com/, tarball: https://registry.npmjs.org/webidl-conversions/-/webidl-conversions-3.0.1.tgz}
    name: webidl-conversions
    version: 3.0.1
    dev: false

  registry.npmjs.org/whatwg-url@5.0.0:
    resolution: {integrity: sha512-saE57nupxk6v3HY35+jzBwYa0rKSy0XR8JSxZPwgLr7ys0IBzhGviA1/TUGJLmSVqs8pb9AnvICXEuOHLprYTw==, registry: https://registry.yarnpkg.com/, tarball: https://registry.npmjs.org/whatwg-url/-/whatwg-url-5.0.0.tgz}
    name: whatwg-url
    version: 5.0.0
    dependencies:
      tr46: registry.npmjs.org/tr46@0.0.3
      webidl-conversions: registry.npmjs.org/webidl-conversions@3.0.1
    dev: false
